# This file is automatically @generated by Cargo.
# It is not intended for manual editing.
version = 4

[[package]]
name = "pinocchio"
version = "0.8.1"
source = "registry+https://github.com/rust-lang/crates.io-index"
checksum = "530596fa307103e53257f2cf064815919ee7fbc4c7ab999f6f13cc7067c3aff1"

[[package]]
name = "week-32"
version = "0.1.0"
dependencies = [
 "pinocchio",
]
